{
  "name": "t3x-dojo-clue-generator",
  "version": "1.0.0",
  "lockfileVersion": 1,
  "requires": true,
  "dependencies": {
    "@webcomponents/webcomponentsjs": {
      "version": "2.2.6",
      "resolved": "https://registry.npmjs.org/@webcomponents/webcomponentsjs/-/webcomponentsjs-2.2.6.tgz",
      "integrity": "sha512-TbuyV7hHIq4jMlvQ8pF3C6QNEqFeBX4be9AND5DO8UCRRYcZBpjl1yH9IChbebeWr1QNcK5WlZC3voAlQCdisQ=="
    },
    "lit-element": {
      "version": "2.0.0-rc.5",
      "resolved": "https://registry.npmjs.org/lit-element/-/lit-element-2.0.0-rc.5.tgz",
      "integrity": "sha512-cMmWNWSFyYfXAd09bnqFhqDr5kuR/5guImD5ZRTk223EiBJaoo7naZnQngSYAMjgDn1CSbTE1LRtzviMS+g0RA==",
      "requires": {
        "lit-html": "^1.0.0-rc.2"
      }
    },
    "lit-html": {
      "version": "1.0.0-rc.2",
      "resolved": "https://registry.npmjs.org/lit-html/-/lit-html-1.0.0-rc.2.tgz",
      "integrity": "sha512-4bq34lhVmwWly1zBXicOBJLOwaWfjOVbchEEmFnZLuztxjh5wRd2WqV0URX8Q47MQ7PaIjn/eXyTRKsYhSAeRw=="
    }
  }
}
